
Microsoft Visual Studio Solution File, Format Version 12.00
# Visual Studio Version 17
VisualStudioVersion = 17.14.36518.9
MinimumVisualStudioVersion = 10.0.40219.1
Project("{FAE04EC0-301F-11D3-BF4B-00C04F79EFBC}") = "ChatTool.API", "ChatTool-API\ChatTool.API.csproj", "{78F82919-C187-4D8E-986A-C9FF77855629}"
EndProject
Project("{FAE04EC0-301F-11D3-BF4B-00C04F79EFBC}") = "ChatTool.Database", "ChatTool.Database\ChatTool.Database.csproj", "{99B2415D-490F-4EC4-986A-67861C84F278}"
EndProject
Project("{FAE04EC0-301F-11D3-BF4B-00C04F79EFBC}") = "ChatTool.Database.Models", "ChatTool.Database.Models\ChatTool.Database.Models.csproj", "{043561F0-5BC3-4145-A1F4-E1E46B69CF43}"
EndProject
Global
	GlobalSection(SolutionConfigurationPlatforms) = preSolution
		Debug|Any CPU = Debug|Any CPU
		Release|Any CPU = Release|Any CPU
	EndGlobalSection
	GlobalSection(ProjectConfigurationPlatforms) = postSolution
		{78F82919-C187-4D8E-986A-C9FF77855629}.Debug|Any CPU.ActiveCfg = Debug|Any CPU
		{78F82919-C187-4D8E-986A-C9FF77855629}.Debug|Any CPU.Build.0 = Debug|Any CPU
		{78F82919-C187-4D8E-986A-C9FF77855629}.Release|Any CPU.ActiveCfg = Release|Any CPU
		{78F82919-C187-4D8E-986A-C9FF77855629}.Release|Any CPU.Build.0 = Release|Any CPU
		{99B2415D-490F-4EC4-986A-67861C84F278}.Debug|Any CPU.ActiveCfg = Debug|Any CPU
		{99B2415D-490F-4EC4-986A-67861C84F278}.Debug|Any CPU.Build.0 = Debug|Any CPU
		{99B2415D-490F-4EC4-986A-67861C84F278}.Release|Any CPU.ActiveCfg = Release|Any CPU
		{99B2415D-490F-4EC4-986A-67861C84F278}.Release|Any CPU.Build.0 = Release|Any CPU
		{043561F0-5BC3-4145-A1F4-E1E46B69CF43}.Debug|Any CPU.ActiveCfg = Debug|Any CPU
		{043561F0-5BC3-4145-A1F4-E1E46B69CF43}.Debug|Any CPU.Build.0 = Debug|Any CPU
		{043561F0-5BC3-4145-A1F4-E1E46B69CF43}.Release|Any CPU.ActiveCfg = Release|Any CPU
		{043561F0-5BC3-4145-A1F4-E1E46B69CF43}.Release|Any CPU.Build.0 = Release|Any CPU
	EndGlobalSection
	GlobalSection(SolutionProperties) = preSolution
		HideSolutionNode = FALSE
	EndGlobalSection
	GlobalSection(ExtensibilityGlobals) = postSolution
		SolutionGuid = {66F03E9C-9B51-44A6-86BD-60465E2952AA}
	EndGlobalSection
EndGlobal
